
Microsoft Visual Studio Solution File, Format Version 12.00
# Visual Studio Version 17
VisualStudioVersion = 17.5.33516.290
MinimumVisualStudioVersion = 10.0.40219.1
Project("{FAE04EC0-301F-11D3-BF4B-00C04F79EFBC}") = "WebApi", "WebApiPrj\WebApi.csproj", "{C1EDC36A-F8DB-41D4-B485-DAA4D1F8C291}"
EndProject
Project("{FAE04EC0-301F-11D3-BF4B-00C04F79EFBC}") = "Domain", "DDD\Domain.csproj", "{7E7441EA-5AAB-468B-961B-AAF85C2CF6F0}"
EndProject
Project("{FAE04EC0-301F-11D3-BF4B-00C04F79EFBC}") = "DataAccess.EFCore", "DataAccess.EFCore\DataAccess.EFCore.csproj", "{F1DABC8A-99E5-4944-8A84-11AC4C5E86E7}"
EndProject
Global
	GlobalSection(SolutionConfigurationPlatforms) = preSolution
		Debug|Any CPU = Debug|Any CPU
		Release|Any CPU = Release|Any CPU
	EndGlobalSection
	GlobalSection(ProjectConfigurationPlatforms) = postSolution
		{C1EDC36A-F8DB-41D4-B485-DAA4D1F8C291}.Debug|Any CPU.ActiveCfg = Debug|Any CPU
		{C1EDC36A-F8DB-41D4-B485-DAA4D1F8C291}.Debug|Any CPU.Build.0 = Debug|Any CPU
		{C1EDC36A-F8DB-41D4-B485-DAA4D1F8C291}.Release|Any CPU.ActiveCfg = Release|Any CPU
		{C1EDC36A-F8DB-41D4-B485-DAA4D1F8C291}.Release|Any CPU.Build.0 = Release|Any CPU
		{7E7441EA-5AAB-468B-961B-AAF85C2CF6F0}.Debug|Any CPU.ActiveCfg = Debug|Any CPU
		{7E7441EA-5AAB-468B-961B-AAF85C2CF6F0}.Debug|Any CPU.Build.0 = Debug|Any CPU
		{7E7441EA-5AAB-468B-961B-AAF85C2CF6F0}.Release|Any CPU.ActiveCfg = Release|Any CPU
		{7E7441EA-5AAB-468B-961B-AAF85C2CF6F0}.Release|Any CPU.Build.0 = Release|Any CPU
		{F1DABC8A-99E5-4944-8A84-11AC4C5E86E7}.Debug|Any CPU.ActiveCfg = Debug|Any CPU
		{F1DABC8A-99E5-4944-8A84-11AC4C5E86E7}.Debug|Any CPU.Build.0 = Debug|Any CPU
		{F1DABC8A-99E5-4944-8A84-11AC4C5E86E7}.Release|Any CPU.ActiveCfg = Release|Any CPU
		{F1DABC8A-99E5-4944-8A84-11AC4C5E86E7}.Release|Any CPU.Build.0 = Release|Any CPU
	EndGlobalSection
	GlobalSection(SolutionProperties) = preSolution
		HideSolutionNode = FALSE
	EndGlobalSection
	GlobalSection(ExtensibilityGlobals) = postSolution
		SolutionGuid = {01699B7C-C6F9-48DC-B921-E58FAD55DD0D}
	EndGlobalSection
EndGlobal
